
Microsoft Visual Studio Solution File, Format Version 12.00
Project("{FAE04EC0-301F-11D3-BF4B-00C04F79EFBC}") = "TestR2", "TestR2.csproj", "{68A9370D-3AE2-47C9-80A9-DA9841E65DED}"
EndProject
Global
	GlobalSection(SolutionConfigurationPlatforms) = preSolution
		Debug|Any CPU = Debug|Any CPU
		Release|Any CPU = Release|Any CPU
	EndGlobalSection
	GlobalSection(ProjectConfigurationPlatforms) = postSolution
		{68A9370D-3AE2-47C9-80A9-DA9841E65DED}.Debug|Any CPU.ActiveCfg = Debug|Any CPU
		{68A9370D-3AE2-47C9-80A9-DA9841E65DED}.Debug|Any CPU.Build.0 = Debug|Any CPU
		{68A9370D-3AE2-47C9-80A9-DA9841E65DED}.Release|Any CPU.ActiveCfg = Release|Any CPU
		{68A9370D-3AE2-47C9-80A9-DA9841E65DED}.Release|Any CPU.Build.0 = Release|Any CPU
	EndGlobalSection
EndGlobal
